// !$*UTF8*$!
{
	archiveVersion = 1;
	classes = {
	};
	objectVersion = 55;
	objects = {

/* Begin PBXBuildFile section */
		8B1DD72527F4F4DA000E26A5 /* README.md in Resources */ = {isa = PBXBuildFile; fileRef = 8B1DD72427F4F4DA000E26A5 /* README.md */; };
		8BC2E9EE27F2055C00E77EC5 /* LoadingImageView.swift in Sources */ = {isa = PBXBuildFile; fileRef = 8BC2E9ED27F2055C00E77EC5 /* LoadingImageView.swift */; };
		8BCA39D227EE44F100288B13 /* AppDelegate.swift in Sources */ = {isa = PBXBuildFile; fileRef = 8BCA39D127EE44F100288B13 /* AppDelegate.swift */; };
		8BCA39DB27EE44F200288B13 /* Assets.xcassets in Resources */ = {isa = PBXBuildFile; fileRef = 8BCA39DA27EE44F200288B13 /* Assets.xcassets */; };
		8BCA39DE27EE44F200288B13 /* LaunchScreen.storyboard in Resources */ = {isa = PBXBuildFile; fileRef = 8BCA39DC27EE44F200288B13 /* LaunchScreen.storyboard */; };
		8BCA39F327EE455700288B13 /* Coordinator.swift in Sources */ = {isa = PBXBuildFile; fileRef = 8BCA39E727EE455700288B13 /* Coordinator.swift */; };
		8BCA39F427EE455700288B13 /* Constants.swift in Sources */ = {isa = PBXBuildFile; fileRef = 8BCA39E927EE455700288B13 /* Constants.swift */; };
		8BCA39F527EE455700288B13 /* UIIVew + Ext.swift in Sources */ = {isa = PBXBuildFile; fileRef = 8BCA39EB27EE455700288B13 /* UIIVew + Ext.swift */; };
		8BCA39F727EE455700288B13 /* UIFont + Ext.swift in Sources */ = {isa = PBXBuildFile; fileRef = 8BCA39ED27EE455700288B13 /* UIFont + Ext.swift */; };
		8BCA39F927EE455700288B13 /* AuthViewController.swift in Sources */ = {isa = PBXBuildFile; fileRef = 8BCA39F227EE455700288B13 /* AuthViewController.swift */; };
		8BCA3A0427EE499B00288B13 /* WebViewController.swift in Sources */ = {isa = PBXBuildFile; fileRef = 8BCA3A0327EE499B00288B13 /* WebViewController.swift */; };
		8BCA3A0627EE5A9400288B13 /* VKClient.swift in Sources */ = {isa = PBXBuildFile; fileRef = 8BCA3A0527EE5A9400288B13 /* VKClient.swift */; };
		8BCA3A0927EE5C0A00288B13 /* AuthManager.swift in Sources */ = {isa = PBXBuildFile; fileRef = 8BCA3A0827EE5C0A00288B13 /* AuthManager.swift */; };
		8BE5D33227F3031F00DD1A78 /* GalleryModel.swift in Sources */ = {isa = PBXBuildFile; fileRef = 8BE5D33127F3031F00DD1A78 /* GalleryModel.swift */; };
		8BE5D33427F3035E00DD1A78 /* GalleryViewModel.swift in Sources */ = {isa = PBXBuildFile; fileRef = 8BE5D33327F3035E00DD1A78 /* GalleryViewModel.swift */; };
		8BE5D33627F3149F00DD1A78 /* String + Ext.swift in Sources */ = {isa = PBXBuildFile; fileRef = 8BE5D33527F3149F00DD1A78 /* String + Ext.swift */; };
		8BF389A427EF058500B6ED75 /* TTError.swift in Sources */ = {isa = PBXBuildFile; fileRef = 8BF389A327EF058500B6ED75 /* TTError.swift */; };
		8BF389AE27EF207200B6ED75 /* NetworkManager.swift in Sources */ = {isa = PBXBuildFile; fileRef = 8BF389AD27EF207200B6ED75 /* NetworkManager.swift */; };
		8BF389B027EF214000B6ED75 /* GalleryViewController.swift in Sources */ = {isa = PBXBuildFile; fileRef = 8BF389AF27EF214000B6ED75 /* GalleryViewController.swift */; };
		8BF389B227EF237700B6ED75 /* UIHelper.swift in Sources */ = {isa = PBXBuildFile; fileRef = 8BF389B127EF237700B6ED75 /* UIHelper.swift */; };
		8BF389B727EF241B00B6ED75 /* GalleryCollectionViewCell.swift in Sources */ = {isa = PBXBuildFile; fileRef = 8BF389B627EF241B00B6ED75 /* GalleryCollectionViewCell.swift */; };
		8BF8134227F3183500032B40 /* Localizable.strings in Resources */ = {isa = PBXBuildFile; fileRef = 8BF8134427F3183500032B40 /* Localizable.strings */; };
		8BFD75BF27EF8C490074A277 /* Int + Ext.swift in Sources */ = {isa = PBXBuildFile; fileRef = 8BFD75BE27EF8C490074A277 /* Int + Ext.swift */; };
		8BFD75C427F08FA20074A277 /* LoadingViewController.swift in Sources */ = {isa = PBXBuildFile; fileRef = 8BFD75C327F08FA20074A277 /* LoadingViewController.swift */; };
		8BFD75CB27F094EF0074A277 /* UIIVewController + Ext.swift in Sources */ = {isa = PBXBuildFile; fileRef = 8BFD75CA27F094EF0074A277 /* UIIVewController + Ext.swift */; };
		8BFD75D127F0BB670074A277 /* VKResponses.swift in Sources */ = {isa = PBXBuildFile; fileRef = 8BFD75D027F0BB670074A277 /* VKResponses.swift */; };
		8BFD75D627F0BD3B0074A277 /* FullScreenPhotoViewController.swift in Sources */ = {isa = PBXBuildFile; fileRef = 8BFD75D527F0BD3B0074A277 /* FullScreenPhotoViewController.swift */; };
		8BFD75D827F0BD760074A277 /* FullScreenPhotoViewModel.swift in Sources */ = {isa = PBXBuildFile; fileRef = 8BFD75D727F0BD760074A277 /* FullScreenPhotoViewModel.swift */; };
		8BFD75DA27F0C35A0074A277 /* PhotoModel.swift in Sources */ = {isa = PBXBuildFile; fileRef = 8BFD75D927F0C35A0074A277 /* PhotoModel.swift */; };
/* End PBXBuildFile section */

/* Begin PBXFileReference section */
		8B1DD72427F4F4DA000E26A5 /* README.md */ = {isa = PBXFileReference; fileEncoding = 4; lastKnownFileType = net.daringfireball.markdown; path = README.md; sourceTree = "<group>"; };
		8BC2E9ED27F2055C00E77EC5 /* LoadingImageView.swift */ = {isa = PBXFileReference; lastKnownFileType = sourcecode.swift; path = LoadingImageView.swift; sourceTree = "<group>"; };
		8BCA39CE27EE44F100288B13 /* TestTaskMobileUP.app */ = {isa = PBXFileReference; explicitFileType = wrapper.application; includeInIndex = 0; path = TestTaskMobileUP.app; sourceTree = BUILT_PRODUCTS_DIR; };
		8BCA39D127EE44F100288B13 /* AppDelegate.swift */ = {isa = PBXFileReference; lastKnownFileType = sourcecode.swift; path = AppDelegate.swift; sourceTree = "<group>"; };
		8BCA39DA27EE44F200288B13 /* Assets.xcassets */ = {isa = PBXFileReference; lastKnownFileType = folder.assetcatalog; path = Assets.xcassets; sourceTree = "<group>"; };
		8BCA39DF27EE44F200288B13 /* Info.plist */ = {isa = PBXFileReference; lastKnownFileType = text.plist.xml; path = Info.plist; sourceTree = "<group>"; };
		8BCA39E727EE455700288B13 /* Coordinator.swift */ = {isa = PBXFileReference; fileEncoding = 4; lastKnownFileType = sourcecode.swift; path = Coordinator.swift; sourceTree = "<group>"; };
		8BCA39E927EE455700288B13 /* Constants.swift */ = {isa = PBXFileReference; fileEncoding = 4; lastKnownFileType = sourcecode.swift; path = Constants.swift; sourceTree = "<group>"; };
		8BCA39EB27EE455700288B13 /* UIIVew + Ext.swift */ = {isa = PBXFileReference; fileEncoding = 4; lastKnownFileType = sourcecode.swift; path = "UIIVew + Ext.swift"; sourceTree = "<group>"; };
		8BCA39ED27EE455700288B13 /* UIFont + Ext.swift */ = {isa = PBXFileReference; fileEncoding = 4; lastKnownFileType = sourcecode.swift; path = "UIFont + Ext.swift"; sourceTree = "<group>"; };
		8BCA39F227EE455700288B13 /* AuthViewController.swift */ = {isa = PBXFileReference; fileEncoding = 4; lastKnownFileType = sourcecode.swift; path = AuthViewController.swift; sourceTree = "<group>"; };
		8BCA3A0327EE499B00288B13 /* WebViewController.swift */ = {isa = PBXFileReference; lastKnownFileType = sourcecode.swift; path = WebViewController.swift; sourceTree = "<group>"; };
		8BCA3A0527EE5A9400288B13 /* VKClient.swift */ = {isa = PBXFileReference; lastKnownFileType = sourcecode.swift; path = VKClient.swift; sourceTree = "<group>"; };
		8BCA3A0827EE5C0A00288B13 /* AuthManager.swift */ = {isa = PBXFileReference; lastKnownFileType = sourcecode.swift; path = AuthManager.swift; sourceTree = "<group>"; };
		8BE5D33127F3031F00DD1A78 /* GalleryModel.swift */ = {isa = PBXFileReference; lastKnownFileType = sourcecode.swift; path = GalleryModel.swift; sourceTree = "<group>"; };
		8BE5D33327F3035E00DD1A78 /* GalleryViewModel.swift */ = {isa = PBXFileReference; lastKnownFileType = sourcecode.swift; path = GalleryViewModel.swift; sourceTree = "<group>"; };
		8BE5D33527F3149F00DD1A78 /* String + Ext.swift */ = {isa = PBXFileReference; lastKnownFileType = sourcecode.swift; path = "String + Ext.swift"; sourceTree = "<group>"; };
		8BF389A327EF058500B6ED75 /* TTError.swift */ = {isa = PBXFileReference; lastKnownFileType = sourcecode.swift; path = TTError.swift; sourceTree = "<group>"; };
		8BF389AD27EF207200B6ED75 /* NetworkManager.swift */ = {isa = PBXFileReference; lastKnownFileType = sourcecode.swift; path = NetworkManager.swift; sourceTree = "<group>"; };
		8BF389AF27EF214000B6ED75 /* GalleryViewController.swift */ = {isa = PBXFileReference; lastKnownFileType = sourcecode.swift; path = GalleryViewController.swift; sourceTree = "<group>"; };
		8BF389B127EF237700B6ED75 /* UIHelper.swift */ = {isa = PBXFileReference; lastKnownFileType = sourcecode.swift; path = UIHelper.swift; sourceTree = "<group>"; };
		8BF389B627EF241B00B6ED75 /* GalleryCollectionViewCell.swift */ = {isa = PBXFileReference; lastKnownFileType = sourcecode.swift; path = GalleryCollectionViewCell.swift; sourceTree = "<group>"; };
		8BF8133D27F315EF00032B40 /* en */ = {isa = PBXFileReference; lastKnownFileType = file.storyboard; name = en; path = en.lproj/LaunchScreen.storyboard; sourceTree = "<group>"; };
		8BF8133E27F3174600032B40 /* ru */ = {isa = PBXFileReference; lastKnownFileType = file.storyboard; name = ru; path = ru.lproj/LaunchScreen.storyboard; sourceTree = "<group>"; };
		8BF8134327F3183500032B40 /* en */ = {isa = PBXFileReference; lastKnownFileType = text.plist.strings; name = en; path = en.lproj/Localizable.strings; sourceTree = "<group>"; };
		8BF8134527F3184D00032B40 /* ru */ = {isa = PBXFileReference; lastKnownFileType = text.plist.strings; name = ru; path = ru.lproj/Localizable.strings; sourceTree = "<group>"; };
		8BFD75BE27EF8C490074A277 /* Int + Ext.swift */ = {isa = PBXFileReference; lastKnownFileType = sourcecode.swift; path = "Int + Ext.swift"; sourceTree = "<group>"; };
		8BFD75C327F08FA20074A277 /* LoadingViewController.swift */ = {isa = PBXFileReference; lastKnownFileType = sourcecode.swift; path = LoadingViewController.swift; sourceTree = "<group>"; };
		8BFD75CA27F094EF0074A277 /* UIIVewController + Ext.swift */ = {isa = PBXFileReference; lastKnownFileType = sourcecode.swift; path = "UIIVewController + Ext.swift"; sourceTree = "<group>"; };
		8BFD75D027F0BB670074A277 /* VKResponses.swift */ = {isa = PBXFileReference; lastKnownFileType = sourcecode.swift; path = VKResponses.swift; sourceTree = "<group>"; };
		8BFD75D527F0BD3B0074A277 /* FullScreenPhotoViewController.swift */ = {isa = PBXFileReference; lastKnownFileType = sourcecode.swift; path = FullScreenPhotoViewController.swift; sourceTree = "<group>"; };
		8BFD75D727F0BD760074A277 /* FullScreenPhotoViewModel.swift */ = {isa = PBXFileReference; lastKnownFileType = sourcecode.swift; path = FullScreenPhotoViewModel.swift; sourceTree = "<group>"; };
		8BFD75D927F0C35A0074A277 /* PhotoModel.swift */ = {isa = PBXFileReference; lastKnownFileType = sourcecode.swift; path = PhotoModel.swift; sourceTree = "<group>"; };
/* End PBXFileReference section */

/* Begin PBXFrameworksBuildPhase section */
		8BCA39CB27EE44F100288B13 /* Frameworks */ = {
			isa = PBXFrameworksBuildPhase;
			buildActionMask = 2147483647;
			files = (
			);
			runOnlyForDeploymentPostprocessing = 0;
		};
/* End PBXFrameworksBuildPhase section */

/* Begin PBXGroup section */
		8BC2E9EC27F2054600E77EC5 /* ImageViews */ = {
			isa = PBXGroup;
			children = (
				8BC2E9ED27F2055C00E77EC5 /* LoadingImageView.swift */,
			);
			path = ImageViews;
			sourceTree = "<group>";
		};
		8BCA39C527EE44F100288B13 = {
			isa = PBXGroup;
			children = (
				8B1DD72427F4F4DA000E26A5 /* README.md */,
				8BCA39D027EE44F100288B13 /* TestTaskMobileUP */,
				8BCA39CF27EE44F100288B13 /* Products */,
			);
			sourceTree = "<group>";
		};
		8BCA39CF27EE44F100288B13 /* Products */ = {
			isa = PBXGroup;
			children = (
				8BCA39CE27EE44F100288B13 /* TestTaskMobileUP.app */,
			);
			name = Products;
			sourceTree = "<group>";
		};
		8BCA39D027EE44F100288B13 /* TestTaskMobileUP */ = {
			isa = PBXGroup;
			children = (
				8BCA39E627EE455700288B13 /* Coordinators */,
				8BCA39EE27EE455700288B13 /* Managers */,
				8BCA39F027EE455700288B13 /* Screens */,
				8BF389A227EF055D00B6ED75 /* Errors */,
				8BCA39EA27EE455700288B13 /* Extensions */,
				8BCA39E827EE455700288B13 /* Helpers */,
				8BFD75C127F08F7D0074A277 /* Custom Views */,
				8BFD75CF27F0B91F0074A277 /* Codable Models */,
				8BCA39E527EE450400288B13 /* Supporting Files */,
			);
			path = TestTaskMobileUP;
			sourceTree = "<group>";
		};
		8BCA39E527EE450400288B13 /* Supporting Files */ = {
			isa = PBXGroup;
			children = (
				8BF8133F27F317E400032B40 /* Localization */,
				8BCA39DA27EE44F200288B13 /* Assets.xcassets */,
				8BCA39DF27EE44F200288B13 /* Info.plist */,
				8BCA39DC27EE44F200288B13 /* LaunchScreen.storyboard */,
				8BCA39D127EE44F100288B13 /* AppDelegate.swift */,
			);
			path = "Supporting Files";
			sourceTree = "<group>";
		};
		8BCA39E627EE455700288B13 /* Coordinators */ = {
			isa = PBXGroup;
			children = (
				8BCA39E727EE455700288B13 /* Coordinator.swift */,
			);
			path = Coordinators;
			sourceTree = "<group>";
		};
		8BCA39E827EE455700288B13 /* Helpers */ = {
			isa = PBXGroup;
			children = (
				8BCA39E927EE455700288B13 /* Constants.swift */,
				8BF389B127EF237700B6ED75 /* UIHelper.swift */,
			);
			path = Helpers;
			sourceTree = "<group>";
		};
		8BCA39EA27EE455700288B13 /* Extensions */ = {
			isa = PBXGroup;
			children = (
				8BCA39EB27EE455700288B13 /* UIIVew + Ext.swift */,
				8BCA39ED27EE455700288B13 /* UIFont + Ext.swift */,
				8BFD75BE27EF8C490074A277 /* Int + Ext.swift */,
				8BFD75CA27F094EF0074A277 /* UIIVewController + Ext.swift */,
				8BE5D33527F3149F00DD1A78 /* String + Ext.swift */,
			);
			path = Extensions;
			sourceTree = "<group>";
		};
		8BCA39EE27EE455700288B13 /* Managers */ = {
			isa = PBXGroup;
			children = (
				8BCA3A0827EE5C0A00288B13 /* AuthManager.swift */,
				8BF389AD27EF207200B6ED75 /* NetworkManager.swift */,
				8BCA3A0527EE5A9400288B13 /* VKClient.swift */,
			);
			path = Managers;
			sourceTree = "<group>";
		};
		8BCA39F027EE455700288B13 /* Screens */ = {
			isa = PBXGroup;
			children = (
				8BCA39F127EE455700288B13 /* Auth */,
				8BCA3A0227EE498100288B13 /* WebView */,
				8BF389A727EF111200B6ED75 /* Gallery */,
				8BFD75B927EF5B830074A277 /* Photo */,
			);
			path = Screens;
			sourceTree = "<group>";
		};
		8BCA39F127EE455700288B13 /* Auth */ = {
			isa = PBXGroup;
			children = (
				8BCA39F227EE455700288B13 /* AuthViewController.swift */,
			);
			path = Auth;
			sourceTree = "<group>";
		};
		8BCA3A0227EE498100288B13 /* WebView */ = {
			isa = PBXGroup;
			children = (
				8BCA3A0327EE499B00288B13 /* WebViewController.swift */,
			);
			path = WebView;
			sourceTree = "<group>";
		};
		8BE5D32E27F302E700DD1A78 /* GalleryViewModel */ = {
			isa = PBXGroup;
			children = (
				8BE5D33327F3035E00DD1A78 /* GalleryViewModel.swift */,
			);
			path = GalleryViewModel;
			sourceTree = "<group>";
		};
		8BE5D32F27F302F800DD1A78 /* GalleryView */ = {
			isa = PBXGroup;
			children = (
				8BF389AF27EF214000B6ED75 /* GalleryViewController.swift */,
			);
			path = GalleryView;
			sourceTree = "<group>";
		};
		8BE5D33027F302FF00DD1A78 /* GalleryModel */ = {
			isa = PBXGroup;
			children = (
				8BE5D33127F3031F00DD1A78 /* GalleryModel.swift */,
			);
			path = GalleryModel;
			sourceTree = "<group>";
		};
		8BF389A227EF055D00B6ED75 /* Errors */ = {
			isa = PBXGroup;
			children = (
				8BF389A327EF058500B6ED75 /* TTError.swift */,
			);
			path = Errors;
			sourceTree = "<group>";
		};
		8BF389A727EF111200B6ED75 /* Gallery */ = {
			isa = PBXGroup;
			children = (
				8BE5D33027F302FF00DD1A78 /* GalleryModel */,
				8BE5D32F27F302F800DD1A78 /* GalleryView */,
				8BE5D32E27F302E700DD1A78 /* GalleryViewModel */,
			);
			path = Gallery;
			sourceTree = "<group>";
		};
		8BF389B527EF23FC00B6ED75 /* Cells */ = {
			isa = PBXGroup;
			children = (
				8BF389B627EF241B00B6ED75 /* GalleryCollectionViewCell.swift */,
			);
			path = Cells;
			sourceTree = "<group>";
		};
		8BF8133F27F317E400032B40 /* Localization */ = {
			isa = PBXGroup;
			children = (
				8BF8134427F3183500032B40 /* Localizable.strings */,
			);
			path = Localization;
			sourceTree = "<group>";
		};
		8BFD75B927EF5B830074A277 /* Photo */ = {
			isa = PBXGroup;
			children = (
				8BFD75D427F0BD1E0074A277 /* PhotoModel */,
				8BFD75D327F0BD140074A277 /* PhotoView */,
				8BFD75D227F0BD050074A277 /* PhotoViewModel */,
			);
			path = Photo;
			sourceTree = "<group>";
		};
		8BFD75C127F08F7D0074A277 /* Custom Views */ = {
			isa = PBXGroup;
			children = (
				8BF389B527EF23FC00B6ED75 /* Cells */,
				8BC2E9EC27F2054600E77EC5 /* ImageViews */,
				8BFD75C227F08F8B0074A277 /* ViewControllers */,
			);
			path = "Custom Views";
			sourceTree = "<group>";
		};
		8BFD75C227F08F8B0074A277 /* ViewControllers */ = {
			isa = PBXGroup;
			children = (
				8BFD75C327F08FA20074A277 /* LoadingViewController.swift */,
			);
			path = ViewControllers;
			sourceTree = "<group>";
		};
		8BFD75CF27F0B91F0074A277 /* Codable Models */ = {
			isa = PBXGroup;
			children = (
				8BFD75D027F0BB670074A277 /* VKResponses.swift */,
			);
			path = "Codable Models";
			sourceTree = "<group>";
		};
		8BFD75D227F0BD050074A277 /* PhotoViewModel */ = {
			isa = PBXGroup;
			children = (
				8BFD75D727F0BD760074A277 /* FullScreenPhotoViewModel.swift */,
			);
			path = PhotoViewModel;
			sourceTree = "<group>";
		};
		8BFD75D327F0BD140074A277 /* PhotoView */ = {
			isa = PBXGroup;
			children = (
				8BFD75D527F0BD3B0074A277 /* FullScreenPhotoViewController.swift */,
			);
			path = PhotoView;
			sourceTree = "<group>";
		};
		8BFD75D427F0BD1E0074A277 /* PhotoModel */ = {
			isa = PBXGroup;
			children = (
				8BFD75D927F0C35A0074A277 /* PhotoModel.swift */,
			);
			path = PhotoModel;
			sourceTree = "<group>";
		};
/* End PBXGroup section */

/* Begin PBXNativeTarget section */
		8BCA39CD27EE44F100288B13 /* TestTaskMobileUP */ = {
			isa = PBXNativeTarget;
			buildConfigurationList = 8BCA39E227EE44F200288B13 /* Build configuration list for PBXNativeTarget "TestTaskMobileUP" */;
			buildPhases = (
				8BCA39CA27EE44F100288B13 /* Sources */,
				8BCA39CB27EE44F100288B13 /* Frameworks */,
				8BCA39CC27EE44F100288B13 /* Resources */,
				8BF389A827EF125100B6ED75 /* ShellScript */,
			);
			buildRules = (
			);
			dependencies = (
			);
			name = TestTaskMobileUP;
			productName = TestTaskMobileUP;
			productReference = 8BCA39CE27EE44F100288B13 /* TestTaskMobileUP.app */;
			productType = "com.apple.product-type.application";
		};
/* End PBXNativeTarget section */

/* Begin PBXProject section */
		8BCA39C627EE44F100288B13 /* Project object */ = {
			isa = PBXProject;
			attributes = {
				BuildIndependentTargetsInParallel = 1;
				LastSwiftUpdateCheck = 1320;
				LastUpgradeCheck = 1320;
				TargetAttributes = {
					8BCA39CD27EE44F100288B13 = {
						CreatedOnToolsVersion = 13.2.1;
					};
				};
			};
			buildConfigurationList = 8BCA39C927EE44F100288B13 /* Build configuration list for PBXProject "TestTaskMobileUP" */;
			compatibilityVersion = "Xcode 13.0";
			developmentRegion = en;
			hasScannedForEncodings = 0;
			knownRegions = (
				en,
				ru,
			);
			mainGroup = 8BCA39C527EE44F100288B13;
			productRefGroup = 8BCA39CF27EE44F100288B13 /* Products */;
			projectDirPath = "";
			projectRoot = "";
			targets = (
				8BCA39CD27EE44F100288B13 /* TestTaskMobileUP */,
			);
		};
/* End PBXProject section */

/* Begin PBXResourcesBuildPhase section */
		8BCA39CC27EE44F100288B13 /* Resources */ = {
			isa = PBXResourcesBuildPhase;
			buildActionMask = 2147483647;
			files = (
				8BCA39DE27EE44F200288B13 /* LaunchScreen.storyboard in Resources */,
				8BF8134227F3183500032B40 /* Localizable.strings in Resources */,
				8B1DD72527F4F4DA000E26A5 /* README.md in Resources */,
				8BCA39DB27EE44F200288B13 /* Assets.xcassets in Resources */,
			);
			runOnlyForDeploymentPostprocessing = 0;
		};
/* End PBXResourcesBuildPhase section */

/* Begin PBXShellScriptBuildPhase section */
		8BF389A827EF125100B6ED75 /* ShellScript */ = {
			isa = PBXShellScriptBuildPhase;
			buildActionMask = 2147483647;
			files = (
			);
			inputFileListPaths = (
			);
			inputPaths = (
			);
			outputFileListPaths = (
			);
			outputPaths = (
			);
			runOnlyForDeploymentPostprocessing = 0;
			shellPath = /bin/sh;
			shellScript = "export PATH=\"$PATH:/opt/homebrew/bin\"\nif which swiftlint >/dev/null; then\n    swiftlint\nelse\n    echo \"error: SwiftLint does not exist, download it from https://github.com/realm/SwiftLint\"\n    exit 1\nfi\n";
		};
/* End PBXShellScriptBuildPhase section */

/* Begin PBXSourcesBuildPhase section */
		8BCA39CA27EE44F100288B13 /* Sources */ = {
			isa = PBXSourcesBuildPhase;
			buildActionMask = 2147483647;
			files = (
				8BF389A427EF058500B6ED75 /* TTError.swift in Sources */,
				8BFD75D827F0BD760074A277 /* FullScreenPhotoViewModel.swift in Sources */,
				8BF389B727EF241B00B6ED75 /* GalleryCollectionViewCell.swift in Sources */,
				8BFD75CB27F094EF0074A277 /* UIIVewController + Ext.swift in Sources */,
				8BF389B027EF214000B6ED75 /* GalleryViewController.swift in Sources */,
				8BCA39F327EE455700288B13 /* Coordinator.swift in Sources */,
				8BFD75D627F0BD3B0074A277 /* FullScreenPhotoViewController.swift in Sources */,
				8BFD75DA27F0C35A0074A277 /* PhotoModel.swift in Sources */,
				8BFD75D127F0BB670074A277 /* VKResponses.swift in Sources */,
				8BCA3A0627EE5A9400288B13 /* VKClient.swift in Sources */,
				8BF389AE27EF207200B6ED75 /* NetworkManager.swift in Sources */,
				8BE5D33427F3035E00DD1A78 /* GalleryViewModel.swift in Sources */,
				8BE5D33627F3149F00DD1A78 /* String + Ext.swift in Sources */,
				8BFD75C427F08FA20074A277 /* LoadingViewController.swift in Sources */,
				8BCA3A0427EE499B00288B13 /* WebViewController.swift in Sources */,
				8BF389B227EF237700B6ED75 /* UIHelper.swift in Sources */,
				8BCA39D227EE44F100288B13 /* AppDelegate.swift in Sources */,
				8BFD75BF27EF8C490074A277 /* Int + Ext.swift in Sources */,
				8BC2E9EE27F2055C00E77EC5 /* LoadingImageView.swift in Sources */,
				8BCA39F927EE455700288B13 /* AuthViewController.swift in Sources */,
				8BCA39F527EE455700288B13 /* UIIVew + Ext.swift in Sources */,
				8BCA39F727EE455700288B13 /* UIFont + Ext.swift in Sources */,
				8BCA39F427EE455700288B13 /* Constants.swift in Sources */,
				8BE5D33227F3031F00DD1A78 /* GalleryModel.swift in Sources */,
				8BCA3A0927EE5C0A00288B13 /* AuthManager.swift in Sources */,
			);
			runOnlyForDeploymentPostprocessing = 0;
		};
/* End PBXSourcesBuildPhase section */

/* Begin PBXVariantGroup section */
		8BCA39DC27EE44F200288B13 /* LaunchScreen.storyboard */ = {
			isa = PBXVariantGroup;
			children = (
				8BF8133D27F315EF00032B40 /* en */,
				8BF8133E27F3174600032B40 /* ru */,
			);
			name = LaunchScreen.storyboard;
			sourceTree = "<group>";
		};
		8BF8134427F3183500032B40 /* Localizable.strings */ = {
			isa = PBXVariantGroup;
			children = (
				8BF8134327F3183500032B40 /* en */,
				8BF8134527F3184D00032B40 /* ru */,
			);
			name = Localizable.strings;
			sourceTree = "<group>";
		};
/* End PBXVariantGroup section */

/* Begin XCBuildConfiguration section */
		8BCA39E027EE44F200288B13 /* Debug */ = {
			isa = XCBuildConfiguration;
			buildSettings = {
				ALWAYS_SEARCH_USER_PATHS = NO;
				CLANG_ANALYZER_LOCALIZABILITY_NONLOCALIZED = YES;
				CLANG_ANALYZER_NONNULL = YES;
				CLANG_ANALYZER_NUMBER_OBJECT_CONVERSION = YES_AGGRESSIVE;
				CLANG_CXX_LANGUAGE_STANDARD = "gnu++17";
				CLANG_CXX_LIBRARY = "libc++";
				CLANG_ENABLE_MODULES = YES;
				CLANG_ENABLE_OBJC_ARC = YES;
				CLANG_ENABLE_OBJC_WEAK = YES;
				CLANG_WARN_BLOCK_CAPTURE_AUTORELEASING = YES;
				CLANG_WARN_BOOL_CONVERSION = YES;
				CLANG_WARN_COMMA = YES;
				CLANG_WARN_CONSTANT_CONVERSION = YES;
				CLANG_WARN_DEPRECATED_OBJC_IMPLEMENTATIONS = YES;
				CLANG_WARN_DIRECT_OBJC_ISA_USAGE = YES_ERROR;
				CLANG_WARN_DOCUMENTATION_COMMENTS = YES;
				CLANG_WARN_EMPTY_BODY = YES;
				CLANG_WARN_ENUM_CONVERSION = YES;
				CLANG_WARN_INFINITE_RECURSION = YES;
				CLANG_WARN_INT_CONVERSION = YES;
				CLANG_WARN_NON_LITERAL_NULL_CONVERSION = YES;
				CLANG_WARN_OBJC_IMPLICIT_RETAIN_SELF = YES;
				CLANG_WARN_OBJC_LITERAL_CONVERSION = YES;
				CLANG_WARN_OBJC_ROOT_CLASS = YES_ERROR;
				CLANG_WARN_QUOTED_INCLUDE_IN_FRAMEWORK_HEADER = YES;
				CLANG_WARN_RANGE_LOOP_ANALYSIS = YES;
				CLANG_WARN_STRICT_PROTOTYPES = YES;
				CLANG_WARN_SUSPICIOUS_MOVE = YES;
				CLANG_WARN_UNGUARDED_AVAILABILITY = YES_AGGRESSIVE;
				CLANG_WARN_UNREACHABLE_CODE = YES;
				CLANG_WARN__DUPLICATE_METHOD_MATCH = YES;
				COPY_PHASE_STRIP = NO;
				DEBUG_INFORMATION_FORMAT = dwarf;
				ENABLE_STRICT_OBJC_MSGSEND = YES;
				ENABLE_TESTABILITY = YES;
				GCC_C_LANGUAGE_STANDARD = gnu11;
				GCC_DYNAMIC_NO_PIC = NO;
				GCC_NO_COMMON_BLOCKS = YES;
				GCC_OPTIMIZATION_LEVEL = 0;
				GCC_PREPROCESSOR_DEFINITIONS = (
					"DEBUG=1",
					"$(inherited)",
				);
				GCC_WARN_64_TO_32_BIT_CONVERSION = YES;
				GCC_WARN_ABOUT_RETURN_TYPE = YES_ERROR;
				GCC_WARN_UNDECLARED_SELECTOR = YES;
				GCC_WARN_UNINITIALIZED_AUTOS = YES_AGGRESSIVE;
				GCC_WARN_UNUSED_FUNCTION = YES;
				GCC_WARN_UNUSED_VARIABLE = YES;
				IPHONEOS_DEPLOYMENT_TARGET = 13.0;
				MTL_ENABLE_DEBUG_INFO = INCLUDE_SOURCE;
				MTL_FAST_MATH = YES;
				ONLY_ACTIVE_ARCH = YES;
				SDKROOT = iphoneos;
				SWIFT_ACTIVE_COMPILATION_CONDITIONS = DEBUG;
				SWIFT_OPTIMIZATION_LEVEL = "-Onone";
			};
			name = Debug;
		};
		8BCA39E127EE44F200288B13 /* Release */ = {
			isa = XCBuildConfiguration;
			buildSettings = {
				ALWAYS_SEARCH_USER_PATHS = NO;
				CLANG_ANALYZER_LOCALIZABILITY_NONLOCALIZED = YES;
				CLANG_ANALYZER_NONNULL = YES;
				CLANG_ANALYZER_NUMBER_OBJECT_CONVERSION = YES_AGGRESSIVE;
				CLANG_CXX_LANGUAGE_STANDARD = "gnu++17";
				CLANG_CXX_LIBRARY = "libc++";
				CLANG_ENABLE_MODULES = YES;
				CLANG_ENABLE_OBJC_ARC = YES;
				CLANG_ENABLE_OBJC_WEAK = YES;
				CLANG_WARN_BLOCK_CAPTURE_AUTORELEASING = YES;
				CLANG_WARN_BOOL_CONVERSION = YES;
				CLANG_WARN_COMMA = YES;
				CLANG_WARN_CONSTANT_CONVERSION = YES;
				CLANG_WARN_DEPRECATED_OBJC_IMPLEMENTATIONS = YES;
				CLANG_WARN_DIRECT_OBJC_ISA_USAGE = YES_ERROR;
				CLANG_WARN_DOCUMENTATION_COMMENTS = YES;
				CLANG_WARN_EMPTY_BODY = YES;
				CLANG_WARN_ENUM_CONVERSION = YES;
				CLANG_WARN_INFINITE_RECURSION = YES;
				CLANG_WARN_INT_CONVERSION = YES;
				CLANG_WARN_NON_LITERAL_NULL_CONVERSION = YES;
				CLANG_WARN_OBJC_IMPLICIT_RETAIN_SELF = YES;
				CLANG_WARN_OBJC_LITERAL_CONVERSION = YES;
				CLANG_WARN_OBJC_ROOT_CLASS = YES_ERROR;
				CLANG_WARN_QUOTED_INCLUDE_IN_FRAMEWORK_HEADER = YES;
				CLANG_WARN_RANGE_LOOP_ANALYSIS = YES;
				CLANG_WARN_STRICT_PROTOTYPES = YES;
				CLANG_WARN_SUSPICIOUS_MOVE = YES;
				CLANG_WARN_UNGUARDED_AVAILABILITY = YES_AGGRESSIVE;
				CLANG_WARN_UNREACHABLE_CODE = YES;
				CLANG_WARN__DUPLICATE_METHOD_MATCH = YES;
				COPY_PHASE_STRIP = NO;
				DEBUG_INFORMATION_FORMAT = "dwarf-with-dsym";
				ENABLE_NS_ASSERTIONS = NO;
				ENABLE_STRICT_OBJC_MSGSEND = YES;
				GCC_C_LANGUAGE_STANDARD = gnu11;
				GCC_NO_COMMON_BLOCKS = YES;
				GCC_WARN_64_TO_32_BIT_CONVERSION = YES;
				GCC_WARN_ABOUT_RETURN_TYPE = YES_ERROR;
				GCC_WARN_UNDECLARED_SELECTOR = YES;
				GCC_WARN_UNINITIALIZED_AUTOS = YES_AGGRESSIVE;
				GCC_WARN_UNUSED_FUNCTION = YES;
				GCC_WARN_UNUSED_VARIABLE = YES;
				IPHONEOS_DEPLOYMENT_TARGET = 13.0;
				MTL_ENABLE_DEBUG_INFO = NO;
				MTL_FAST_MATH = YES;
				SDKROOT = iphoneos;
				SWIFT_COMPILATION_MODE = wholemodule;
				SWIFT_OPTIMIZATION_LEVEL = "-O";
				VALIDATE_PRODUCT = YES;
			};
			name = Release;
		};
		8BCA39E327EE44F200288B13 /* Debug */ = {
			isa = XCBuildConfiguration;
			buildSettings = {
				ASSETCATALOG_COMPILER_APPICON_NAME = AppIcon;
				ASSETCATALOG_COMPILER_GLOBAL_ACCENT_COLOR_NAME = AccentColor;
				CODE_SIGN_STYLE = Automatic;
				CURRENT_PROJECT_VERSION = 1;
				DEVELOPMENT_TEAM = X954LPBPCP;
				GENERATE_INFOPLIST_FILE = YES;
				INFOPLIST_FILE = "TestTaskMobileUP/Supporting Files/Info.plist";
				INFOPLIST_KEY_CFBundleDisplayName = NASHKODIM;
				INFOPLIST_KEY_NSPhotoLibraryUsageDescription = "This application needs permission to save images to your gallery.";
				INFOPLIST_KEY_UIApplicationSupportsIndirectInputEvents = YES;
				INFOPLIST_KEY_UILaunchStoryboardName = LaunchScreen;
				INFOPLIST_KEY_UISupportedInterfaceOrientations = UIInterfaceOrientationPortrait;
				INFOPLIST_KEY_UISupportedInterfaceOrientations_iPad = "UIInterfaceOrientationPortrait UIInterfaceOrientationPortraitUpsideDown UIInterfaceOrientationLandscapeLeft UIInterfaceOrientationLandscapeRight";
				INFOPLIST_KEY_UISupportedInterfaceOrientations_iPhone = "UIInterfaceOrientationPortrait UIInterfaceOrientationLandscapeLeft UIInterfaceOrientationLandscapeRight";
				IPHONEOS_DEPLOYMENT_TARGET = 13.0;
				LD_RUNPATH_SEARCH_PATHS = (
					"$(inherited)",
					"@executable_path/Frameworks",
				);
				MARKETING_VERSION = 1.0;
				PRODUCT_BUNDLE_IDENTIFIER = Home.TestTaskMobileUP;
				PRODUCT_NAME = "$(TARGET_NAME)";
				SWIFT_EMIT_LOC_STRINGS = YES;
				SWIFT_VERSION = 5.0;
				TARGETED_DEVICE_FAMILY = 1;
			};
			name = Debug;
		};
		8BCA39E427EE44F200288B13 /* Release */ = {
			isa = XCBuildConfiguration;
			buildSettings = {
				ASSETCATALOG_COMPILER_APPICON_NAME = AppIcon;
				ASSETCATALOG_COMPILER_GLOBAL_ACCENT_COLOR_NAME = AccentColor;
				CODE_SIGN_STYLE = Automatic;
				CURRENT_PROJECT_VERSION = 1;
				DEVELOPMENT_TEAM = X954LPBPCP;
				GENERATE_INFOPLIST_FILE = YES;
				INFOPLIST_FILE = "TestTaskMobileUP/Supporting Files/Info.plist";
				INFOPLIST_KEY_CFBundleDisplayName = NASHKODIM;
				INFOPLIST_KEY_NSPhotoLibraryUsageDescription = "This application needs permission to save images to your gallery.";
				INFOPLIST_KEY_UIApplicationSupportsIndirectInputEvents = YES;
				INFOPLIST_KEY_UILaunchStoryboardName = LaunchScreen;
				INFOPLIST_KEY_UISupportedInterfaceOrientations = UIInterfaceOrientationPortrait;
				INFOPLIST_KEY_UISupportedInterfaceOrientations_iPad = "UIInterfaceOrientationPortrait UIInterfaceOrientationPortraitUpsideDown UIInterfaceOrientationLandscapeLeft UIInterfaceOrientationLandscapeRight";
				INFOPLIST_KEY_UISupportedInterfaceOrientations_iPhone = "UIInterfaceOrientationPortrait UIInterfaceOrientationLandscapeLeft UIInterfaceOrientationLandscapeRight";
				IPHONEOS_DEPLOYMENT_TARGET = 13.0;
				LD_RUNPATH_SEARCH_PATHS = (
					"$(inherited)",
					"@executable_path/Frameworks",
				);
				MARKETING_VERSION = 1.0;
				PRODUCT_BUNDLE_IDENTIFIER = Home.TestTaskMobileUP;
				PRODUCT_NAME = "$(TARGET_NAME)";
				SWIFT_EMIT_LOC_STRINGS = YES;
				SWIFT_VERSION = 5.0;
				TARGETED_DEVICE_FAMILY = 1;
			};
			name = Release;
		};
/* End XCBuildConfiguration section */

/* Begin XCConfigurationList section */
		8BCA39C927EE44F100288B13 /* Build configuration list for PBXProject "TestTaskMobileUP" */ = {
			isa = XCConfigurationList;
			buildConfigurations = (
				8BCA39E027EE44F200288B13 /* Debug */,
				8BCA39E127EE44F200288B13 /* Release */,
			);
			defaultConfigurationIsVisible = 0;
			defaultConfigurationName = Release;
		};
		8BCA39E227EE44F200288B13 /* Build configuration list for PBXNativeTarget "TestTaskMobileUP" */ = {
			isa = XCConfigurationList;
			buildConfigurations = (
				8BCA39E327EE44F200288B13 /* Debug */,
				8BCA39E427EE44F200288B13 /* Release */,
			);
			defaultConfigurationIsVisible = 0;
			defaultConfigurationName = Release;
		};
/* End XCConfigurationList section */
	};
	rootObject = 8BCA39C627EE44F100288B13 /* Project object */;
}
